
Microsoft Visual Studio Solution File, Format Version 12.00
# Visual Studio Version 16
VisualStudioVersion = 16.0.29521.150
MinimumVisualStudioVersion = 10.0.40219.1
Project("{9A19103F-16F7-4668-BE54-9A1E7A4F7556}") = "TraderBlotter.Api", "TraderBlotter.Api\TraderBlotter.Api.csproj", "{6A0D36BD-0CDD-453A-969E-66F808F2AB99}"
EndProject
Project("{FAE04EC0-301F-11D3-BF4B-00C04F79EFBC}") = "DataAccess.Repository", "DataAccess.Repository\DataAccess.Repository.csproj", "{602E66BB-1121-4C9B-A19D-5B149B7FBF64}"
EndProject
Global
	GlobalSection(SolutionConfigurationPlatforms) = preSolution
		Debug|Any CPU = Debug|Any CPU
		Release|Any CPU = Release|Any CPU
	EndGlobalSection
	GlobalSection(ProjectConfigurationPlatforms) = postSolution
		{6A0D36BD-0CDD-453A-969E-66F808F2AB99}.Debug|Any CPU.ActiveCfg = Debug|Any CPU
		{6A0D36BD-0CDD-453A-969E-66F808F2AB99}.Debug|Any CPU.Build.0 = Debug|Any CPU
		{6A0D36BD-0CDD-453A-969E-66F808F2AB99}.Release|Any CPU.ActiveCfg = Release|Any CPU
		{6A0D36BD-0CDD-453A-969E-66F808F2AB99}.Release|Any CPU.Build.0 = Release|Any CPU
		{602E66BB-1121-4C9B-A19D-5B149B7FBF64}.Debug|Any CPU.ActiveCfg = Debug|Any CPU
		{602E66BB-1121-4C9B-A19D-5B149B7FBF64}.Debug|Any CPU.Build.0 = Debug|Any CPU
		{602E66BB-1121-4C9B-A19D-5B149B7FBF64}.Release|Any CPU.ActiveCfg = Release|Any CPU
		{602E66BB-1121-4C9B-A19D-5B149B7FBF64}.Release|Any CPU.Build.0 = Release|Any CPU
	EndGlobalSection
	GlobalSection(SolutionProperties) = preSolution
		HideSolutionNode = FALSE
	EndGlobalSection
	GlobalSection(ExtensibilityGlobals) = postSolution
		SolutionGuid = {E1052447-2C19-4979-82DF-A3EF6B0F051F}
	EndGlobalSection
EndGlobal
